Microsoft Visual Studio Solution File, Format Version 12.00
# Visual Studio Version 17
VisualStudioVersion = 17.0.31903.59
MinimumVisualStudioVersion = 10.0.40219.1
Project("{FAE04EC0-301F-11D3-BF4B-00C04F79EFBC}") = "Contracts", "src\Contracts\Contracts.csproj", "{1A4E8A01-1D53-4E7A-A38A-6E0B4D0C0001}"
EndProject
Project("{FAE04EC0-301F-11D3-BF4B-00C04F79EFBC}") = "Feature", "src\Feature\Feature.csproj", "{1A4E8A01-1D53-4E7A-A38A-6E0B4D0C0002}"
EndProject
Project("{FAE04EC0-301F-11D3-BF4B-00C04F79EFBC}") = "FixtureGenerator", "src\FixtureGenerator\FixtureGenerator.csproj", "{1A4E8A01-1D53-4E7A-A38A-6E0B4D0C0003}"
EndProject
Project("{FAE04EC0-301F-11D3-BF4B-00C04F79EFBC}") = "Client", "src\Client\Client.csproj", "{1A4E8A01-1D53-4E7A-A38A-6E0B4D0C0004}"
EndProject
Project("{FAE04EC0-301F-11D3-BF4B-00C04F79EFBC}") = "Feature.Tests", "tests\Feature.Tests\Feature.Tests.csproj", "{1A4E8A01-1D53-4E7A-A38A-6E0B4D0C0005}"
EndProject
Global
	GlobalSection(SolutionConfigurationPlatforms) = preSolution
		Debug|Any CPU = Debug|Any CPU
		Release|Any CPU = Release|Any CPU
	EndGlobalSection
	GlobalSection(SolutionProperties) = preSolution
		HideSolutionNode = FALSE
	EndGlobalSection
	GlobalSection(ProjectConfigurationPlatforms) = postSolution
		{1A4E8A01-1D53-4E7A-A38A-6E0B4D0C0001}.Debug|Any CPU.ActiveCfg = Debug|Any CPU
		{1A4E8A01-1D53-4E7A-A38A-6E0B4D0C0001}.Debug|Any CPU.Build.0 = Debug|Any CPU
		{1A4E8A01-1D53-4E7A-A38A-6E0B4D0C0002}.Debug|Any CPU.ActiveCfg = Debug|Any CPU
		{1A4E8A01-1D53-4E7A-A38A-6E0B4D0C0002}.Debug|Any CPU.Build.0 = Debug|Any CPU
		{1A4E8A01-1D53-4E7A-A38A-6E0B4D0C0003}.Debug|Any CPU.ActiveCfg = Debug|Any CPU
		{1A4E8A01-1D53-4E7A-A38A-6E0B4D0C0003}.Debug|Any CPU.Build.0 = Debug|Any CPU
		{1A4E8A01-1D53-4E7A-A38A-6E0B4D0C0004}.Debug|Any CPU.ActiveCfg = Debug|Any CPU
		{1A4E8A01-1D53-4E7A-A38A-6E0B4D0C0004}.Debug|Any CPU.Build.0 = Debug|Any CPU
		{1A4E8A01-1D53-4E7A-A38A-6E0B4D0C0005}.Debug|Any CPU.ActiveCfg = Debug|Any CPU
		{1A4E8A01-1D53-4E7A-A38A-6E0B4D0C0005}.Debug|Any CPU.Build.0 = Debug|Any CPU
		{1A4E8A01-1D53-4E7A-A38A-6E0B4D0C0001}.Release|Any CPU.ActiveCfg = Release|Any CPU
		{1A4E8A01-1D53-4E7A-A38A-6E0B4D0C0001}.Release|Any CPU.Build.0 = Release|Any CPU
		{1A4E8A01-1D53-4E7A-A38A-6E0B4D0C0002}.Release|Any CPU.ActiveCfg = Release|Any CPU
		{1A4E8A01-1D53-4E7A-A38A-6E0B4D0C0002}.Release|Any CPU.Build.0 = Release|Any CPU
		{1A4E8A01-1D53-4E7A-A38A-6E0B4D0C0003}.Release|Any CPU.ActiveCfg = Release|Any CPU
		{1A4E8A01-1D53-4E7A-A38A-6E0B4D0C0003}.Release|Any CPU.Build.0 = Release|Any CPU
		{1A4E8A01-1D53-4E7A-A38A-6E0B4D0C0004}.Release|Any CPU.ActiveCfg = Release|Any CPU
		{1A4E8A01-1D53-4E7A-A38A-6E0B4D0C0004}.Release|Any CPU.Build.0 = Release|Any CPU
		{1A4E8A01-1D53-4E7A-A38A-6E0B4D0C0005}.Release|Any CPU.ActiveCfg = Release|Any CPU
		{1A4E8A01-1D53-4E7A-A38A-6E0B4D0C0005}.Release|Any CPU.Build.0 = Release|Any CPU
	EndGlobalSection
EndGlobal
